
Microsoft Visual Studio Solution File, Format Version 12.00
# Visual Studio Version 17
VisualStudioVersion = 17.1.32421.90
MinimumVisualStudioVersion = 10.0.40219.1
Project("{FAE04EC0-301F-11D3-BF4B-00C04F79EFBC}") = "TMNTPizza", "TMNTPizza\TMNTPizza.csproj", "{43C7E4D0-54D2-4F88-815E-E60F3C58276F}"
EndProject
Global
	GlobalSection(SolutionConfigurationPlatforms) = preSolution
		Debug|Any CPU = Debug|Any CPU
		Release|Any CPU = Release|Any CPU
	EndGlobalSection
	GlobalSection(ProjectConfigurationPlatforms) = postSolution
		{43C7E4D0-54D2-4F88-815E-E60F3C58276F}.Debug|Any CPU.ActiveCfg = Debug|Any CPU
		{43C7E4D0-54D2-4F88-815E-E60F3C58276F}.Debug|Any CPU.Build.0 = Debug|Any CPU
		{43C7E4D0-54D2-4F88-815E-E60F3C58276F}.Release|Any CPU.ActiveCfg = Release|Any CPU
		{43C7E4D0-54D2-4F88-815E-E60F3C58276F}.Release|Any CPU.Build.0 = Release|Any CPU
	EndGlobalSection
	GlobalSection(SolutionProperties) = preSolution
		HideSolutionNode = FALSE
	EndGlobalSection
	GlobalSection(ExtensibilityGlobals) = postSolution
		SolutionGuid = {76E17279-266E-429D-B099-2F6BE0036130}
	EndGlobalSection
EndGlobal
